
Microsoft Visual Studio Solution File, Format Version 12.00
# Visual Studio Version 16
VisualStudioVersion = 16.0.31702.126
MinimumVisualStudioVersion = 10.0.40219.1
Project("{FAE04EC0-301F-11D3-BF4B-00C04F79EFBC}") = "lab10", "lab10\lab10.csproj", "{60F639F0-816D-448D-AE41-8286AC69511F}"
EndProject
Global
	GlobalSection(SolutionConfigurationPlatforms) = preSolution
		Debug|Any CPU = Debug|Any CPU
		Release|Any CPU = Release|Any CPU
	EndGlobalSection
	GlobalSection(ProjectConfigurationPlatforms) = postSolution
		{60F639F0-816D-448D-AE41-8286AC69511F}.Debug|Any CPU.ActiveCfg = Debug|Any CPU
		{60F639F0-816D-448D-AE41-8286AC69511F}.Debug|Any CPU.Build.0 = Debug|Any CPU
		{60F639F0-816D-448D-AE41-8286AC69511F}.Release|Any CPU.ActiveCfg = Release|Any CPU
		{60F639F0-816D-448D-AE41-8286AC69511F}.Release|Any CPU.Build.0 = Release|Any CPU
	EndGlobalSection
	GlobalSection(SolutionProperties) = preSolution
		HideSolutionNode = FALSE
	EndGlobalSection
	GlobalSection(ExtensibilityGlobals) = postSolution
		SolutionGuid = {830699CE-CD2D-4C2C-82BA-804BD730C6D7}
	EndGlobalSection
EndGlobal
