
Microsoft Visual Studio Solution File, Format Version 12.00
# Visual Studio Version 16
VisualStudioVersion = 16.0.31702.126
MinimumVisualStudioVersion = 10.0.40219.1
Project("{FAE04EC0-301F-11D3-BF4B-00C04F79EFBC}") = "fibbonaci", "fibbonaci\fibbonaci.csproj", "{82EB7190-30F2-47B4-A983-227DC6D3D8A9}"
EndProject
Project("{FAE04EC0-301F-11D3-BF4B-00C04F79EFBC}") = "silnia", "silnia\silnia.csproj", "{C3CC05B8-EF57-4466-96F2-6975B2D7C390}"
EndProject
Project("{FAE04EC0-301F-11D3-BF4B-00C04F79EFBC}") = "suma1", "suma1\suma1.csproj", "{3299F24C-B8BF-4E22-8EF5-108CAD5D016E}"
EndProject
Global
	GlobalSection(SolutionConfigurationPlatforms) = preSolution
		Debug|Any CPU = Debug|Any CPU
		Release|Any CPU = Release|Any CPU
	EndGlobalSection
	GlobalSection(ProjectConfigurationPlatforms) = postSolution
		{82EB7190-30F2-47B4-A983-227DC6D3D8A9}.Debug|Any CPU.ActiveCfg = Debug|Any CPU
		{82EB7190-30F2-47B4-A983-227DC6D3D8A9}.Debug|Any CPU.Build.0 = Debug|Any CPU
		{82EB7190-30F2-47B4-A983-227DC6D3D8A9}.Release|Any CPU.ActiveCfg = Release|Any CPU
		{82EB7190-30F2-47B4-A983-227DC6D3D8A9}.Release|Any CPU.Build.0 = Release|Any CPU
		{C3CC05B8-EF57-4466-96F2-6975B2D7C390}.Debug|Any CPU.ActiveCfg = Debug|Any CPU
		{C3CC05B8-EF57-4466-96F2-6975B2D7C390}.Debug|Any CPU.Build.0 = Debug|Any CPU
		{C3CC05B8-EF57-4466-96F2-6975B2D7C390}.Release|Any CPU.ActiveCfg = Release|Any CPU
		{C3CC05B8-EF57-4466-96F2-6975B2D7C390}.Release|Any CPU.Build.0 = Release|Any CPU
		{3299F24C-B8BF-4E22-8EF5-108CAD5D016E}.Debug|Any CPU.ActiveCfg = Debug|Any CPU
		{3299F24C-B8BF-4E22-8EF5-108CAD5D016E}.Debug|Any CPU.Build.0 = Debug|Any CPU
		{3299F24C-B8BF-4E22-8EF5-108CAD5D016E}.Release|Any CPU.ActiveCfg = Release|Any CPU
		{3299F24C-B8BF-4E22-8EF5-108CAD5D016E}.Release|Any CPU.Build.0 = Release|Any CPU
	EndGlobalSection
	GlobalSection(SolutionProperties) = preSolution
		HideSolutionNode = FALSE
	EndGlobalSection
	GlobalSection(ExtensibilityGlobals) = postSolution
		SolutionGuid = {5B43ABD4-78FB-4277-BBEC-581E3FE7788B}
	EndGlobalSection
EndGlobal
